
Microsoft Visual Studio Solution File, Format Version 12.00
# Visual Studio Version 16
VisualStudioVersion = 16.0.31624.102
MinimumVisualStudioVersion = 10.0.40219.1
Project("{888888A0-9F3D-457C-B088-3A5042F75D52}") = "Telegrasm", "Telegrasm\Telegrasm.pyproj", "{43C19EF6-BE85-430F-8EAD-C3463288CD22}"
EndProject
Global
	GlobalSection(SolutionConfigurationPlatforms) = preSolution
		Debug|Any CPU = Debug|Any CPU
		Release|Any CPU = Release|Any CPU
	EndGlobalSection
	GlobalSection(ProjectConfigurationPlatforms) = postSolution
		{43C19EF6-BE85-430F-8EAD-C3463288CD22}.Debug|Any CPU.ActiveCfg = Debug|Any CPU
		{43C19EF6-BE85-430F-8EAD-C3463288CD22}.Release|Any CPU.ActiveCfg = Release|Any CPU
	EndGlobalSection
	GlobalSection(SolutionProperties) = preSolution
		HideSolutionNode = FALSE
	EndGlobalSection
	GlobalSection(ExtensibilityGlobals) = postSolution
		SolutionGuid = {2CAD1E8D-EF7A-4B4B-9A5A-E46A8369E183}
	EndGlobalSection
EndGlobal
